
Microsoft Visual Studio Solution File, Format Version 12.00
# Visual Studio Version 16
VisualStudioVersion = 16.0.29926.136
MinimumVisualStudioVersion = 10.0.40219.1
Project("{FAE04EC0-301F-11D3-BF4B-00C04F79EFBC}") = "CGeometric", "CGeometric.csproj", "{449A7E62-5C6C-45D5-88BC-BF96914FC58D}"
EndProject
Global
	GlobalSection(SolutionConfigurationPlatforms) = preSolution
		Debug|Any CPU = Debug|Any CPU
		Release|Any CPU = Release|Any CPU
	EndGlobalSection
	GlobalSection(ProjectConfigurationPlatforms) = postSolution
		{449A7E62-5C6C-45D5-88BC-BF96914FC58D}.Debug|Any CPU.ActiveCfg = Debug|Any CPU
		{449A7E62-5C6C-45D5-88BC-BF96914FC58D}.Debug|Any CPU.Build.0 = Debug|Any CPU
		{449A7E62-5C6C-45D5-88BC-BF96914FC58D}.Release|Any CPU.ActiveCfg = Release|Any CPU
		{449A7E62-5C6C-45D5-88BC-BF96914FC58D}.Release|Any CPU.Build.0 = Release|Any CPU
	EndGlobalSection
	GlobalSection(SolutionProperties) = preSolution
		HideSolutionNode = FALSE
	EndGlobalSection
	GlobalSection(ExtensibilityGlobals) = postSolution
		SolutionGuid = {5192C141-53ED-4445-96D7-A53E4F27B602}
	EndGlobalSection
EndGlobal
