
Microsoft Visual Studio Solution File, Format Version 12.00
# Visual Studio Version 16
VisualStudioVersion = 16.0.29926.136
MinimumVisualStudioVersion = 10.0.40219.1
Project("{FAE04EC0-301F-11D3-BF4B-00C04F79EFBC}") = "ООП 1", "ООП 1.csproj", "{DBC1E24F-BC7D-4021-B397-1A848531D560}"
	ProjectSection(ProjectDependencies) = postProject
		{EB31E908-B0F0-4DF4-952E-4908F395A9B5} = {EB31E908-B0F0-4DF4-952E-4908F395A9B5}
		{143B5E0F-BEAF-4344-8701-D0A44CAD62D2} = {143B5E0F-BEAF-4344-8701-D0A44CAD62D2}
		{0C696A0F-F280-4A4F-80E6-3EC947F8FA3F} = {0C696A0F-F280-4A4F-80E6-3EC947F8FA3F}
		{AE902A18-A112-4FA6-96DD-3376F4A8F59D} = {AE902A18-A112-4FA6-96DD-3376F4A8F59D}
		{E911101F-DECF-4838-BC3A-A82678E934F4} = {E911101F-DECF-4838-BC3A-A82678E934F4}
		{449A7E62-5C6C-45D5-88BC-BF96914FC58D} = {449A7E62-5C6C-45D5-88BC-BF96914FC58D}
		{6468A27F-EE6F-454B-8E95-A9E5F1422D62} = {6468A27F-EE6F-454B-8E95-A9E5F1422D62}
		{970ADFFC-51D9-49C9-B252-7E3860C5EC16} = {970ADFFC-51D9-49C9-B252-7E3860C5EC16}
	EndProjectSection
EndProject
Project("{2150E333-8FDC-42A3-9474-1A3956D46DE8}") = "Plugins", "Plugins", "{EFCC5811-CB66-4C50-95A8-8D8EFC8CBF77}"
EndProject
Project("{FAE04EC0-301F-11D3-BF4B-00C04F79EFBC}") = "IGeometric", "Plugins\IGeometric\IGeometric.csproj", "{970ADFFC-51D9-49C9-B252-7E3860C5EC16}"
EndProject
Project("{FAE04EC0-301F-11D3-BF4B-00C04F79EFBC}") = "CGeometric", "Plugins\CGeometric\CGeometric.csproj", "{449A7E62-5C6C-45D5-88BC-BF96914FC58D}"
	ProjectSection(ProjectDependencies) = postProject
		{970ADFFC-51D9-49C9-B252-7E3860C5EC16} = {970ADFFC-51D9-49C9-B252-7E3860C5EC16}
	EndProjectSection
EndProject
Project("{FAE04EC0-301F-11D3-BF4B-00C04F79EFBC}") = "CLine", "Plugins\CLine\CLine.csproj", "{6468A27F-EE6F-454B-8E95-A9E5F1422D62}"
	ProjectSection(ProjectDependencies) = postProject
		{449A7E62-5C6C-45D5-88BC-BF96914FC58D} = {449A7E62-5C6C-45D5-88BC-BF96914FC58D}
	EndProjectSection
EndProject
Project("{FAE04EC0-301F-11D3-BF4B-00C04F79EFBC}") = "CRectangle", "Plugins\CRectangle\CRectangle.csproj", "{AE902A18-A112-4FA6-96DD-3376F4A8F59D}"
	ProjectSection(ProjectDependencies) = postProject
		{449A7E62-5C6C-45D5-88BC-BF96914FC58D} = {449A7E62-5C6C-45D5-88BC-BF96914FC58D}
	EndProjectSection
EndProject
Project("{FAE04EC0-301F-11D3-BF4B-00C04F79EFBC}") = "CEllipse", "Plugins\CEllipse\CEllipse.csproj", "{EB31E908-B0F0-4DF4-952E-4908F395A9B5}"
	ProjectSection(ProjectDependencies) = postProject
		{AE902A18-A112-4FA6-96DD-3376F4A8F59D} = {AE902A18-A112-4FA6-96DD-3376F4A8F59D}
	EndProjectSection
EndProject
Project("{FAE04EC0-301F-11D3-BF4B-00C04F79EFBC}") = "CEqTriangle", "Plugins\CEqTriangle\CEqTriangle.csproj", "{0C696A0F-F280-4A4F-80E6-3EC947F8FA3F}"
	ProjectSection(ProjectDependencies) = postProject
		{AE902A18-A112-4FA6-96DD-3376F4A8F59D} = {AE902A18-A112-4FA6-96DD-3376F4A8F59D}
	EndProjectSection
EndProject
Project("{FAE04EC0-301F-11D3-BF4B-00C04F79EFBC}") = "CTrapezium", "Plugins\CTrapezium\CTrapezium.csproj", "{E911101F-DECF-4838-BC3A-A82678E934F4}"
	ProjectSection(ProjectDependencies) = postProject
		{143B5E0F-BEAF-4344-8701-D0A44CAD62D2} = {143B5E0F-BEAF-4344-8701-D0A44CAD62D2}
	EndProjectSection
EndProject
Project("{FAE04EC0-301F-11D3-BF4B-00C04F79EFBC}") = "CParallelogramm", "Plugins\CParallelogramm\CParallelogramm.csproj", "{143B5E0F-BEAF-4344-8701-D0A44CAD62D2}"
	ProjectSection(ProjectDependencies) = postProject
		{AE902A18-A112-4FA6-96DD-3376F4A8F59D} = {AE902A18-A112-4FA6-96DD-3376F4A8F59D}
	EndProjectSection
EndProject
Global
	GlobalSection(SolutionConfigurationPlatforms) = preSolution
		Debug|Any CPU = Debug|Any CPU
		Release|Any CPU = Release|Any CPU
	EndGlobalSection
	GlobalSection(ProjectConfigurationPlatforms) = postSolution
		{DBC1E24F-BC7D-4021-B397-1A848531D560}.Debug|Any CPU.ActiveCfg = Debug|Any CPU
		{DBC1E24F-BC7D-4021-B397-1A848531D560}.Debug|Any CPU.Build.0 = Debug|Any CPU
		{DBC1E24F-BC7D-4021-B397-1A848531D560}.Release|Any CPU.ActiveCfg = Release|Any CPU
		{DBC1E24F-BC7D-4021-B397-1A848531D560}.Release|Any CPU.Build.0 = Release|Any CPU
		{970ADFFC-51D9-49C9-B252-7E3860C5EC16}.Debug|Any CPU.ActiveCfg = Debug|Any CPU
		{970ADFFC-51D9-49C9-B252-7E3860C5EC16}.Debug|Any CPU.Build.0 = Debug|Any CPU
		{970ADFFC-51D9-49C9-B252-7E3860C5EC16}.Release|Any CPU.ActiveCfg = Release|Any CPU
		{970ADFFC-51D9-49C9-B252-7E3860C5EC16}.Release|Any CPU.Build.0 = Release|Any CPU
		{449A7E62-5C6C-45D5-88BC-BF96914FC58D}.Debug|Any CPU.ActiveCfg = Debug|Any CPU
		{449A7E62-5C6C-45D5-88BC-BF96914FC58D}.Debug|Any CPU.Build.0 = Debug|Any CPU
		{449A7E62-5C6C-45D5-88BC-BF96914FC58D}.Release|Any CPU.ActiveCfg = Release|Any CPU
		{449A7E62-5C6C-45D5-88BC-BF96914FC58D}.Release|Any CPU.Build.0 = Release|Any CPU
		{6468A27F-EE6F-454B-8E95-A9E5F1422D62}.Debug|Any CPU.ActiveCfg = Debug|Any CPU
		{6468A27F-EE6F-454B-8E95-A9E5F1422D62}.Debug|Any CPU.Build.0 = Debug|Any CPU
		{6468A27F-EE6F-454B-8E95-A9E5F1422D62}.Release|Any CPU.ActiveCfg = Release|Any CPU
		{6468A27F-EE6F-454B-8E95-A9E5F1422D62}.Release|Any CPU.Build.0 = Release|Any CPU
		{AE902A18-A112-4FA6-96DD-3376F4A8F59D}.Debug|Any CPU.ActiveCfg = Debug|Any CPU
		{AE902A18-A112-4FA6-96DD-3376F4A8F59D}.Debug|Any CPU.Build.0 = Debug|Any CPU
		{AE902A18-A112-4FA6-96DD-3376F4A8F59D}.Release|Any CPU.ActiveCfg = Release|Any CPU
		{AE902A18-A112-4FA6-96DD-3376F4A8F59D}.Release|Any CPU.Build.0 = Release|Any CPU
		{EB31E908-B0F0-4DF4-952E-4908F395A9B5}.Debug|Any CPU.ActiveCfg = Debug|Any CPU
		{EB31E908-B0F0-4DF4-952E-4908F395A9B5}.Debug|Any CPU.Build.0 = Debug|Any CPU
		{EB31E908-B0F0-4DF4-952E-4908F395A9B5}.Release|Any CPU.ActiveCfg = Release|Any CPU
		{EB31E908-B0F0-4DF4-952E-4908F395A9B5}.Release|Any CPU.Build.0 = Release|Any CPU
		{0C696A0F-F280-4A4F-80E6-3EC947F8FA3F}.Debug|Any CPU.ActiveCfg = Debug|Any CPU
		{0C696A0F-F280-4A4F-80E6-3EC947F8FA3F}.Debug|Any CPU.Build.0 = Debug|Any CPU
		{0C696A0F-F280-4A4F-80E6-3EC947F8FA3F}.Release|Any CPU.ActiveCfg = Release|Any CPU
		{0C696A0F-F280-4A4F-80E6-3EC947F8FA3F}.Release|Any CPU.Build.0 = Release|Any CPU
		{E911101F-DECF-4838-BC3A-A82678E934F4}.Debug|Any CPU.ActiveCfg = Debug|Any CPU
		{E911101F-DECF-4838-BC3A-A82678E934F4}.Debug|Any CPU.Build.0 = Debug|Any CPU
		{E911101F-DECF-4838-BC3A-A82678E934F4}.Release|Any CPU.ActiveCfg = Release|Any CPU
		{E911101F-DECF-4838-BC3A-A82678E934F4}.Release|Any CPU.Build.0 = Release|Any CPU
		{143B5E0F-BEAF-4344-8701-D0A44CAD62D2}.Debug|Any CPU.ActiveCfg = Debug|Any CPU
		{143B5E0F-BEAF-4344-8701-D0A44CAD62D2}.Debug|Any CPU.Build.0 = Debug|Any CPU
		{143B5E0F-BEAF-4344-8701-D0A44CAD62D2}.Release|Any CPU.ActiveCfg = Release|Any CPU
		{143B5E0F-BEAF-4344-8701-D0A44CAD62D2}.Release|Any CPU.Build.0 = Release|Any CPU
	EndGlobalSection
	GlobalSection(SolutionProperties) = preSolution
		HideSolutionNode = FALSE
	EndGlobalSection
	GlobalSection(NestedProjects) = preSolution
		{6468A27F-EE6F-454B-8E95-A9E5F1422D62} = {EFCC5811-CB66-4C50-95A8-8D8EFC8CBF77}
		{AE902A18-A112-4FA6-96DD-3376F4A8F59D} = {EFCC5811-CB66-4C50-95A8-8D8EFC8CBF77}
		{EB31E908-B0F0-4DF4-952E-4908F395A9B5} = {EFCC5811-CB66-4C50-95A8-8D8EFC8CBF77}
		{0C696A0F-F280-4A4F-80E6-3EC947F8FA3F} = {EFCC5811-CB66-4C50-95A8-8D8EFC8CBF77}
		{E911101F-DECF-4838-BC3A-A82678E934F4} = {EFCC5811-CB66-4C50-95A8-8D8EFC8CBF77}
		{143B5E0F-BEAF-4344-8701-D0A44CAD62D2} = {EFCC5811-CB66-4C50-95A8-8D8EFC8CBF77}
	EndGlobalSection
	GlobalSection(ExtensibilityGlobals) = postSolution
		SolutionGuid = {23DF699A-F6EF-420F-8C8A-36501B1DEEC7}
	EndGlobalSection
EndGlobal
