
Microsoft Visual Studio Solution File, Format Version 12.00
# Visual Studio Version 16
VisualStudioVersion = 16.0.29926.136
MinimumVisualStudioVersion = 10.0.40219.1
Project("{FAE04EC0-301F-11D3-BF4B-00C04F79EFBC}") = "CRectangle", "CRectangle.csproj", "{AE902A18-A112-4FA6-96DD-3376F4A8F59D}"
EndProject
Global
	GlobalSection(SolutionConfigurationPlatforms) = preSolution
		Debug|Any CPU = Debug|Any CPU
		Release|Any CPU = Release|Any CPU
	EndGlobalSection
	GlobalSection(ProjectConfigurationPlatforms) = postSolution
		{AE902A18-A112-4FA6-96DD-3376F4A8F59D}.Debug|Any CPU.ActiveCfg = Debug|Any CPU
		{AE902A18-A112-4FA6-96DD-3376F4A8F59D}.Debug|Any CPU.Build.0 = Debug|Any CPU
		{AE902A18-A112-4FA6-96DD-3376F4A8F59D}.Release|Any CPU.ActiveCfg = Release|Any CPU
		{AE902A18-A112-4FA6-96DD-3376F4A8F59D}.Release|Any CPU.Build.0 = Release|Any CPU
	EndGlobalSection
	GlobalSection(SolutionProperties) = preSolution
		HideSolutionNode = FALSE
	EndGlobalSection
	GlobalSection(ExtensibilityGlobals) = postSolution
		SolutionGuid = {376AD04B-34FB-4D1D-99CF-C415C3E467E7}
	EndGlobalSection
EndGlobal
