
Microsoft Visual Studio Solution File, Format Version 12.00
# Visual Studio Version 16
VisualStudioVersion = 16.0.29926.136
MinimumVisualStudioVersion = 10.0.40219.1
Project("{FAE04EC0-301F-11D3-BF4B-00C04F79EFBC}") = "CEqTriangle", "CEqTriangle.csproj", "{0C696A0F-F280-4A4F-80E6-3EC947F8FA3F}"
EndProject
Global
	GlobalSection(SolutionConfigurationPlatforms) = preSolution
		Debug|Any CPU = Debug|Any CPU
		Release|Any CPU = Release|Any CPU
	EndGlobalSection
	GlobalSection(ProjectConfigurationPlatforms) = postSolution
		{0C696A0F-F280-4A4F-80E6-3EC947F8FA3F}.Debug|Any CPU.ActiveCfg = Debug|Any CPU
		{0C696A0F-F280-4A4F-80E6-3EC947F8FA3F}.Debug|Any CPU.Build.0 = Debug|Any CPU
		{0C696A0F-F280-4A4F-80E6-3EC947F8FA3F}.Release|Any CPU.ActiveCfg = Release|Any CPU
		{0C696A0F-F280-4A4F-80E6-3EC947F8FA3F}.Release|Any CPU.Build.0 = Release|Any CPU
	EndGlobalSection
	GlobalSection(SolutionProperties) = preSolution
		HideSolutionNode = FALSE
	EndGlobalSection
	GlobalSection(ExtensibilityGlobals) = postSolution
		SolutionGuid = {7A7B4DA6-99A8-40DA-8A3B-C8366C02E9D6}
	EndGlobalSection
EndGlobal
