
Microsoft Visual Studio Solution File, Format Version 12.00
# Visual Studio Version 16
VisualStudioVersion = 16.0.30011.22
MinimumVisualStudioVersion = 10.0.40219.1
Project("{FAE04EC0-301F-11D3-BF4B-00C04F79EFBC}") = "CParallelogramm", "CParallelogramm.csproj", "{143B5E0F-BEAF-4344-8701-D0A44CAD62D2}"
EndProject
Project("{FAE04EC0-301F-11D3-BF4B-00C04F79EFBC}") = "CTrapezium", "..\CTrapezium\CTrapezium.csproj", "{E911101F-DECF-4838-BC3A-A82678E934F4}"
EndProject
Global
	GlobalSection(SolutionConfigurationPlatforms) = preSolution
		Debug|Any CPU = Debug|Any CPU
		Release|Any CPU = Release|Any CPU
	EndGlobalSection
	GlobalSection(ProjectConfigurationPlatforms) = postSolution
		{143B5E0F-BEAF-4344-8701-D0A44CAD62D2}.Debug|Any CPU.ActiveCfg = Debug|Any CPU
		{143B5E0F-BEAF-4344-8701-D0A44CAD62D2}.Debug|Any CPU.Build.0 = Debug|Any CPU
		{143B5E0F-BEAF-4344-8701-D0A44CAD62D2}.Release|Any CPU.ActiveCfg = Release|Any CPU
		{143B5E0F-BEAF-4344-8701-D0A44CAD62D2}.Release|Any CPU.Build.0 = Release|Any CPU
		{E911101F-DECF-4838-BC3A-A82678E934F4}.Debug|Any CPU.ActiveCfg = Debug|Any CPU
		{E911101F-DECF-4838-BC3A-A82678E934F4}.Debug|Any CPU.Build.0 = Debug|Any CPU
		{E911101F-DECF-4838-BC3A-A82678E934F4}.Release|Any CPU.ActiveCfg = Release|Any CPU
		{E911101F-DECF-4838-BC3A-A82678E934F4}.Release|Any CPU.Build.0 = Release|Any CPU
	EndGlobalSection
	GlobalSection(SolutionProperties) = preSolution
		HideSolutionNode = FALSE
	EndGlobalSection
	GlobalSection(ExtensibilityGlobals) = postSolution
		SolutionGuid = {6D3C8269-61A8-46CC-8091-B05CD434023C}
	EndGlobalSection
EndGlobal
